
Microsoft Visual Studio Solution File, Format Version 12.00
Project("{FAE04EC0-301F-11D3-BF4B-00C04F79EFBC}") = "APBD-PJATK-Cw3-s32188", "APBD-PJATK-Cw3-s32188\APBD-PJATK-Cw3-s32188.csproj", "{EB7E648D-CA44-40FC-9448-8CBB3A191A81}"
EndProject
Global
	GlobalSection(SolutionConfigurationPlatforms) = preSolution
		Debug|Any CPU = Debug|Any CPU
		Release|Any CPU = Release|Any CPU
	EndGlobalSection
	GlobalSection(ProjectConfigurationPlatforms) = postSolution
		{EB7E648D-CA44-40FC-9448-8CBB3A191A81}.Debug|Any CPU.ActiveCfg = Debug|Any CPU
		{EB7E648D-CA44-40FC-9448-8CBB3A191A81}.Debug|Any CPU.Build.0 = Debug|Any CPU
		{EB7E648D-CA44-40FC-9448-8CBB3A191A81}.Release|Any CPU.ActiveCfg = Release|Any CPU
		{EB7E648D-CA44-40FC-9448-8CBB3A191A81}.Release|Any CPU.Build.0 = Release|Any CPU
	EndGlobalSection
EndGlobal
